
Microsoft Visual Studio Solution File, Format Version 12.00
# Visual Studio Version 17
VisualStudioVersion = 17.2.32616.157
MinimumVisualStudioVersion = 10.0.40219.1
Project("{9A19103F-16F7-4668-BE54-9A1E7A4F7556}") = "BooksPenalty.Api", "BooksPenalty.Api\BooksPenalty.Api.csproj", "{239C79A6-3820-46C6-A9C9-0E4A1676BAD2}"
EndProject
Project("{9A19103F-16F7-4668-BE54-9A1E7A4F7556}") = "BooksPenalty.PenaltyCalculatorLibrary", "BooksPenalty.PenaltyCalculatorLibrary\BooksPenalty.PenaltyCalculatorLibrary.csproj", "{542E5D2E-B540-46D8-BE9A-57436091B866}"
EndProject
Project("{FAE04EC0-301F-11D3-BF4B-00C04F79EFBC}") = "BooksPenalty.Client", "BooksPenalty.Client\BooksPenalty.Client.csproj", "{A368785E-DAE3-4C2C-819C-260109F11EFE}"
EndProject
Global
	GlobalSection(SolutionConfigurationPlatforms) = preSolution
		Debug|Any CPU = Debug|Any CPU
		Release|Any CPU = Release|Any CPU
	EndGlobalSection
	GlobalSection(ProjectConfigurationPlatforms) = postSolution
		{239C79A6-3820-46C6-A9C9-0E4A1676BAD2}.Debug|Any CPU.ActiveCfg = Debug|Any CPU
		{239C79A6-3820-46C6-A9C9-0E4A1676BAD2}.Debug|Any CPU.Build.0 = Debug|Any CPU
		{239C79A6-3820-46C6-A9C9-0E4A1676BAD2}.Release|Any CPU.ActiveCfg = Release|Any CPU
		{239C79A6-3820-46C6-A9C9-0E4A1676BAD2}.Release|Any CPU.Build.0 = Release|Any CPU
		{542E5D2E-B540-46D8-BE9A-57436091B866}.Debug|Any CPU.ActiveCfg = Debug|Any CPU
		{542E5D2E-B540-46D8-BE9A-57436091B866}.Debug|Any CPU.Build.0 = Debug|Any CPU
		{542E5D2E-B540-46D8-BE9A-57436091B866}.Release|Any CPU.ActiveCfg = Release|Any CPU
		{542E5D2E-B540-46D8-BE9A-57436091B866}.Release|Any CPU.Build.0 = Release|Any CPU
		{A368785E-DAE3-4C2C-819C-260109F11EFE}.Debug|Any CPU.ActiveCfg = Debug|Any CPU
		{A368785E-DAE3-4C2C-819C-260109F11EFE}.Debug|Any CPU.Build.0 = Debug|Any CPU
		{A368785E-DAE3-4C2C-819C-260109F11EFE}.Release|Any CPU.ActiveCfg = Release|Any CPU
		{A368785E-DAE3-4C2C-819C-260109F11EFE}.Release|Any CPU.Build.0 = Release|Any CPU
	EndGlobalSection
	GlobalSection(SolutionProperties) = preSolution
		HideSolutionNode = FALSE
	EndGlobalSection
	GlobalSection(ExtensibilityGlobals) = postSolution
		SolutionGuid = {2F707A7C-BF6C-475E-BF83-5D913BCF4125}
	EndGlobalSection
EndGlobal
